
Microsoft Visual Studio Solution File, Format Version 12.00
# Visual Studio Version 16
VisualStudioVersion = 16.0.31005.135
MinimumVisualStudioVersion = 10.0.40219.1
Project("{9A19103F-16F7-4668-BE54-9A1E7A4F7556}") = "Entities", "Entities\Entities.csproj", "{30B221D8-7EFA-4E8E-99BC-A2E6DA539D67}"
EndProject
Project("{9A19103F-16F7-4668-BE54-9A1E7A4F7556}") = "DataAccess", "DataAccess\DataAccess.csproj", "{396FBFB9-78A3-4E87-B222-5E6ACC0CDBE2}"
EndProject
Project("{9A19103F-16F7-4668-BE54-9A1E7A4F7556}") = "Core", "Core\Core.csproj", "{918F1169-C92E-4367-9EB4-65BEE911E459}"
EndProject
Project("{9A19103F-16F7-4668-BE54-9A1E7A4F7556}") = "Business", "Business\Business.csproj", "{21CD2F08-6B9A-43B4-9E0E-4B1B9A084C19}"
EndProject
Project("{9A19103F-16F7-4668-BE54-9A1E7A4F7556}") = "Test", "Test\Test.csproj", "{4E72521F-4E82-445C-8D46-6FEB7958BB72}"
EndProject
Project("{FAE04EC0-301F-11D3-BF4B-00C04F79EFBC}") = "WindowsAppUI", "WindowsAppUI\WindowsAppUI.csproj", "{2B8BD7C9-79BB-41C5-9A32-0F8594AAC9A9}"
EndProject
Global
	GlobalSection(SolutionConfigurationPlatforms) = preSolution
		Debug|Any CPU = Debug|Any CPU
		Release|Any CPU = Release|Any CPU
	EndGlobalSection
	GlobalSection(ProjectConfigurationPlatforms) = postSolution
		{30B221D8-7EFA-4E8E-99BC-A2E6DA539D67}.Debug|Any CPU.ActiveCfg = Debug|Any CPU
		{30B221D8-7EFA-4E8E-99BC-A2E6DA539D67}.Debug|Any CPU.Build.0 = Debug|Any CPU
		{30B221D8-7EFA-4E8E-99BC-A2E6DA539D67}.Release|Any CPU.ActiveCfg = Release|Any CPU
		{30B221D8-7EFA-4E8E-99BC-A2E6DA539D67}.Release|Any CPU.Build.0 = Release|Any CPU
		{396FBFB9-78A3-4E87-B222-5E6ACC0CDBE2}.Debug|Any CPU.ActiveCfg = Debug|Any CPU
		{396FBFB9-78A3-4E87-B222-5E6ACC0CDBE2}.Debug|Any CPU.Build.0 = Debug|Any CPU
		{396FBFB9-78A3-4E87-B222-5E6ACC0CDBE2}.Release|Any CPU.ActiveCfg = Release|Any CPU
		{396FBFB9-78A3-4E87-B222-5E6ACC0CDBE2}.Release|Any CPU.Build.0 = Release|Any CPU
		{918F1169-C92E-4367-9EB4-65BEE911E459}.Debug|Any CPU.ActiveCfg = Debug|Any CPU
		{918F1169-C92E-4367-9EB4-65BEE911E459}.Debug|Any CPU.Build.0 = Debug|Any CPU
		{918F1169-C92E-4367-9EB4-65BEE911E459}.Release|Any CPU.ActiveCfg = Release|Any CPU
		{918F1169-C92E-4367-9EB4-65BEE911E459}.Release|Any CPU.Build.0 = Release|Any CPU
		{21CD2F08-6B9A-43B4-9E0E-4B1B9A084C19}.Debug|Any CPU.ActiveCfg = Debug|Any CPU
		{21CD2F08-6B9A-43B4-9E0E-4B1B9A084C19}.Debug|Any CPU.Build.0 = Debug|Any CPU
		{21CD2F08-6B9A-43B4-9E0E-4B1B9A084C19}.Release|Any CPU.ActiveCfg = Release|Any CPU
		{21CD2F08-6B9A-43B4-9E0E-4B1B9A084C19}.Release|Any CPU.Build.0 = Release|Any CPU
		{4E72521F-4E82-445C-8D46-6FEB7958BB72}.Debug|Any CPU.ActiveCfg = Debug|Any CPU
		{4E72521F-4E82-445C-8D46-6FEB7958BB72}.Debug|Any CPU.Build.0 = Debug|Any CPU
		{4E72521F-4E82-445C-8D46-6FEB7958BB72}.Release|Any CPU.ActiveCfg = Release|Any CPU
		{4E72521F-4E82-445C-8D46-6FEB7958BB72}.Release|Any CPU.Build.0 = Release|Any CPU
		{2B8BD7C9-79BB-41C5-9A32-0F8594AAC9A9}.Debug|Any CPU.ActiveCfg = Debug|Any CPU
		{2B8BD7C9-79BB-41C5-9A32-0F8594AAC9A9}.Debug|Any CPU.Build.0 = Debug|Any CPU
		{2B8BD7C9-79BB-41C5-9A32-0F8594AAC9A9}.Release|Any CPU.ActiveCfg = Release|Any CPU
		{2B8BD7C9-79BB-41C5-9A32-0F8594AAC9A9}.Release|Any CPU.Build.0 = Release|Any CPU
	EndGlobalSection
	GlobalSection(SolutionProperties) = preSolution
		HideSolutionNode = FALSE
	EndGlobalSection
	GlobalSection(ExtensibilityGlobals) = postSolution
		SolutionGuid = {21F3130E-967D-4984-9D40-A1A27059D6B3}
	EndGlobalSection
EndGlobal
